
Microsoft Visual Studio Solution File, Format Version 12.00
# Visual Studio 15
VisualStudioVersion = 15.0.28307.572
MinimumVisualStudioVersion = 10.0.40219.1
Project("{FAE04EC0-301F-11D3-BF4B-00C04F79EFBC}") = "CoreIdenty", "CoreIdenty\CoreIdenty.csproj", "{F1DDAE8B-D830-42BB-8571-17D8BC582B5F}"
EndProject
Global
	GlobalSection(SolutionConfigurationPlatforms) = preSolution
		Debug|Any CPU = Debug|Any CPU
		Release|Any CPU = Release|Any CPU
	EndGlobalSection
	GlobalSection(ProjectConfigurationPlatforms) = postSolution
		{F1DDAE8B-D830-42BB-8571-17D8BC582B5F}.Debug|Any CPU.ActiveCfg = Debug|Any CPU
		{F1DDAE8B-D830-42BB-8571-17D8BC582B5F}.Debug|Any CPU.Build.0 = Debug|Any CPU
		{F1DDAE8B-D830-42BB-8571-17D8BC582B5F}.Release|Any CPU.ActiveCfg = Release|Any CPU
		{F1DDAE8B-D830-42BB-8571-17D8BC582B5F}.Release|Any CPU.Build.0 = Release|Any CPU
	EndGlobalSection
	GlobalSection(SolutionProperties) = preSolution
		HideSolutionNode = FALSE
	EndGlobalSection
	GlobalSection(ExtensibilityGlobals) = postSolution
		SolutionGuid = {C84C7DA4-7E6A-4E24-99D4-7A54D606B590}
	EndGlobalSection
EndGlobal
